
Microsoft Visual Studio Solution File, Format Version 12.00
# Visual Studio Version 17
VisualStudioVersion = 17.9.34607.119
MinimumVisualStudioVersion = 10.0.40219.1
Project("{FAE04EC0-301F-11D3-BF4B-00C04F79EFBC}") = "WebApplication1", "WebApplication1.csproj", "{67363926-0C7E-4EEA-842E-FA5024CF336A}"
EndProject
Global
	GlobalSection(SolutionConfigurationPlatforms) = preSolution
		Debug|Any CPU = Debug|Any CPU
		Release|Any CPU = Release|Any CPU
	EndGlobalSection
	GlobalSection(ProjectConfigurationPlatforms) = postSolution
		{67363926-0C7E-4EEA-842E-FA5024CF336A}.Debug|Any CPU.ActiveCfg = Debug|Any CPU
		{67363926-0C7E-4EEA-842E-FA5024CF336A}.Debug|Any CPU.Build.0 = Debug|Any CPU
		{67363926-0C7E-4EEA-842E-FA5024CF336A}.Release|Any CPU.ActiveCfg = Release|Any CPU
		{67363926-0C7E-4EEA-842E-FA5024CF336A}.Release|Any CPU.Build.0 = Release|Any CPU
	EndGlobalSection
	GlobalSection(SolutionProperties) = preSolution
		HideSolutionNode = FALSE
	EndGlobalSection
	GlobalSection(ExtensibilityGlobals) = postSolution
		SolutionGuid = {453A7920-E087-4B98-8290-D71E3B6405C5}
	EndGlobalSection
EndGlobal
